# This file is autogenerated, do not edit; changes may be undone by the next 'dep ensure'.


[[projects]]
  name = "github.com/dave/jennifer"
  packages = ["jen"]
  revision = "59fb95b01278c19af505cbe3f97dc0948bb8bcf7"
  version = "v0.14.0"

[[projects]]
  branch = "master"
  name = "github.com/gedex/inflector"
  packages = ["."]
  revision = "16278e9db8130ac7ec405dc174cfb94344f16325"

[[projects]]
  branch = "v2"
  name = "github.com/go-yaml/yaml"
  packages = ["."]
  revision = "eb3733d160e74a9c7e442f435eb3bea458e1d19f"

[[projects]]
  name = "github.com/renstrom/dedent"
  packages = ["."]
  revision = "a1eba44eaecc89804e4b05ce2d17168eb353d524"
  version = "v1.0.0"

[solve-meta]
  analyzer-name = "dep"
  analyzer-version = 1
  inputs-digest = "dad093b58e872b3fd8516a1a7e309355f7e48fc339cf6dec64f583d098f81ca6"
  solver-name = "gps-cdcl"
  solver-version = 1
